// !$*UTF8*$!
{
	archiveVersion = 1;
	classes = {
	};
	objectVersion = 56;
	objects = {

/* Begin PBXBuildFile section */
		400E512429ECFFA100EC7FF8 /* WidgetKit.framework in Frameworks */ = {isa = PBXBuildFile; fileRef = 40E12B8729E0CDE700D49A86 /* WidgetKit.framework */; };
		400E512529ECFFA100EC7FF8 /* SwiftUI.framework in Frameworks */ = {isa = PBXBuildFile; fileRef = 40E12B8929E0CDE700D49A86 /* SwiftUI.framework */; };
		400E512829ECFFA100EC7FF8 /* WidgetGRT.swift in Sources */ = {isa = PBXBuildFile; fileRef = 400E512729ECFFA100EC7FF8 /* WidgetGRT.swift */; };
		400E512A29ECFFA200EC7FF8 /* Assets.xcassets in Resources */ = {isa = PBXBuildFile; fileRef = 400E512929ECFFA200EC7FF8 /* Assets.xcassets */; };
		400E512E29ECFFA200EC7FF8 /* WidgetGRTExtension.appex in Embed Foundation Extensions */ = {isa = PBXBuildFile; fileRef = 400E512329ECFFA100EC7FF8 /* WidgetGRTExtension.appex */; settings = {ATTRIBUTES = (RemoveHeadersOnCopy, ); }; };
		400E513429ECFFF100EC7FF8 /* GroutUI in Frameworks */ = {isa = PBXBuildFile; productRef = 400E513329ECFFF100EC7FF8 /* GroutUI */; };
		4092AB3129ECF873002D6C0F /* Preview Assets.xcassets in Resources */ = {isa = PBXBuildFile; fileRef = 40CE14AB293B153700462D62 /* Preview Assets.xcassets */; };
		40A1A8C9294550620042966C /* GroutUI in Frameworks */ = {isa = PBXBuildFile; productRef = 40A1A8C8294550620042966C /* GroutUI */; };
		40A70CAB293BA22D008688F8 /* LICENSE in Resources */ = {isa = PBXBuildFile; fileRef = 40A70CA9293BA22D008688F8 /* LICENSE */; };
		40A70CAC293BA22D008688F8 /* README.md in Resources */ = {isa = PBXBuildFile; fileRef = 40A70CAA293BA22D008688F8 /* README.md */; };
		40BD218F293FDD0500B17BEA /* GroutLib in Frameworks */ = {isa = PBXBuildFile; productRef = 40BD218E293FDD0500B17BEA /* GroutLib */; };
		40CE1404293B0DBB00462D62 /* Gym Routine Tracker.app in Embed Watch Content */ = {isa = PBXBuildFile; fileRef = 40CE1403293B0DBB00462D62 /* Gym Routine Tracker.app */; settings = {ATTRIBUTES = (RemoveHeadersOnCopy, ); }; };
		40CE1409293B0DBB00462D62 /* WatchApp.swift in Sources */ = {isa = PBXBuildFile; fileRef = 40CE1408293B0DBB00462D62 /* WatchApp.swift */; };
		40CE140D293B0DBC00462D62 /* Assets.xcassets in Resources */ = {isa = PBXBuildFile; fileRef = 40CE140C293B0DBC00462D62 /* Assets.xcassets */; };
		40CE145D293B113600462D62 /* Compactor in Frameworks */ = {isa = PBXBuildFile; productRef = 40CE145C293B113600462D62 /* Compactor */; };
		40CE14B0293B153700462D62 /* ContentView.swift in Sources */ = {isa = PBXBuildFile; fileRef = 40CE1490293B153700462D62 /* ContentView.swift */; };
/* End PBXBuildFile section */

/* Begin PBXContainerItemProxy section */
		400E512C29ECFFA200EC7FF8 /* PBXContainerItemProxy */ = {
			isa = PBXContainerItemProxy;
			containerPortal = 40CE13F7293B0DBB00462D62 /* Project object */;
			proxyType = 1;
			remoteGlobalIDString = 400E512229ECFFA100EC7FF8;
			remoteInfo = WidgetGRTExtension;
		};
		40CE1405293B0DBB00462D62 /* PBXContainerItemProxy */ = {
			isa = PBXContainerItemProxy;
			containerPortal = 40CE13F7293B0DBB00462D62 /* Project object */;
			proxyType = 1;
			remoteGlobalIDString = 40CE1402293B0DBB00462D62;
			remoteInfo = "Gym Routine Tracker Watch";
		};
/* End PBXContainerItemProxy section */

/* Begin PBXCopyFilesBuildPhase section */
		40CE1416293B0DBC00462D62 /* Embed Watch Content */ = {
			isa = PBXCopyFilesBuildPhase;
			buildActionMask = 2147483647;
			dstPath = "$(CONTENTS_FOLDER_PATH)/Watch";
			dstSubfolderSpec = 16;
			files = (
				40CE1404293B0DBB00462D62 /* Gym Routine Tracker.app in Embed Watch Content */,
			);
			name = "Embed Watch Content";
			runOnlyForDeploymentPostprocessing = 0;
		};
		40E12B9729E0CDE900D49A86 /* Embed Foundation Extensions */ = {
			isa = PBXCopyFilesBuildPhase;
			buildActionMask = 2147483647;
			dstPath = "";
			dstSubfolderSpec = 13;
			files = (
				400E512E29ECFFA200EC7FF8 /* WidgetGRTExtension.appex in Embed Foundation Extensions */,
			);
			name = "Embed Foundation Extensions";
			runOnlyForDeploymentPostprocessing = 0;
		};
/* End PBXCopyFilesBuildPhase section */

/* Begin PBXFileReference section */
		400E512329ECFFA100EC7FF8 /* WidgetGRTExtension.appex */ = {isa = PBXFileReference; explicitFileType = "wrapper.app-extension"; includeInIndex = 0; path = WidgetGRTExtension.appex; sourceTree = BUILT_PRODUCTS_DIR; };
		400E512729ECFFA100EC7FF8 /* WidgetGRT.swift */ = {isa = PBXFileReference; lastKnownFileType = sourcecode.swift; path = WidgetGRT.swift; sourceTree = "<group>"; };
		400E512929ECFFA200EC7FF8 /* Assets.xcassets */ = {isa = PBXFileReference; lastKnownFileType = folder.assetcatalog; path = Assets.xcassets; sourceTree = "<group>"; };
		400E512B29ECFFA200EC7FF8 /* Info.plist */ = {isa = PBXFileReference; lastKnownFileType = text.plist.xml; path = Info.plist; sourceTree = "<group>"; };
		400E513229ECFFA900EC7FF8 /* WidgetGRTExtension.entitlements */ = {isa = PBXFileReference; lastKnownFileType = text.plist.entitlements; path = WidgetGRTExtension.entitlements; sourceTree = "<group>"; };
		40A70CA9293BA22D008688F8 /* LICENSE */ = {isa = PBXFileReference; fileEncoding = 4; lastKnownFileType = text; path = LICENSE; sourceTree = "<group>"; };
		40A70CAA293BA22D008688F8 /* README.md */ = {isa = PBXFileReference; fileEncoding = 4; lastKnownFileType = net.daringfireball.markdown; path = README.md; sourceTree = "<group>"; };
		40CE13FD293B0DBB00462D62 /* Gym Routine Tracker Watch.app */ = {isa = PBXFileReference; explicitFileType = wrapper.application; includeInIndex = 0; path = "Gym Routine Tracker Watch.app"; sourceTree = BUILT_PRODUCTS_DIR; };
		40CE1403293B0DBB00462D62 /* Gym Routine Tracker.app */ = {isa = PBXFileReference; explicitFileType = wrapper.application; includeInIndex = 0; path = "Gym Routine Tracker.app"; sourceTree = BUILT_PRODUCTS_DIR; };
		40CE1408293B0DBB00462D62 /* WatchApp.swift */ = {isa = PBXFileReference; lastKnownFileType = sourcecode.swift; path = WatchApp.swift; sourceTree = "<group>"; };
		40CE140C293B0DBC00462D62 /* Assets.xcassets */ = {isa = PBXFileReference; lastKnownFileType = folder.assetcatalog; path = Assets.xcassets; sourceTree = "<group>"; };
		40CE1459293B105800462D62 /* App.entitlements */ = {isa = PBXFileReference; lastKnownFileType = text.plist.entitlements; path = App.entitlements; sourceTree = "<group>"; };
		40CE145A293B109400462D62 /* Info.plist */ = {isa = PBXFileReference; lastKnownFileType = text.plist.xml; path = Info.plist; sourceTree = "<group>"; };
		40CE1490293B153700462D62 /* ContentView.swift */ = {isa = PBXFileReference; fileEncoding = 4; lastKnownFileType = sourcecode.swift; path = ContentView.swift; sourceTree = "<group>"; };
		40CE14AB293B153700462D62 /* Preview Assets.xcassets */ = {isa = PBXFileReference; lastKnownFileType = folder.assetcatalog; path = "Preview Assets.xcassets"; sourceTree = "<group>"; };
		40E12B8729E0CDE700D49A86 /* WidgetKit.framework */ = {isa = PBXFileReference; lastKnownFileType = wrapper.framework; name = WidgetKit.framework; path = System/Library/Frameworks/WidgetKit.framework; sourceTree = SDKROOT; };
		40E12B8929E0CDE700D49A86 /* SwiftUI.framework */ = {isa = PBXFileReference; lastKnownFileType = wrapper.framework; name = SwiftUI.framework; path = System/Library/Frameworks/SwiftUI.framework; sourceTree = SDKROOT; };
/* End PBXFileReference section */

/* Begin PBXFrameworksBuildPhase section */
		400E512029ECFFA100EC7FF8 /* Frameworks */ = {
			isa = PBXFrameworksBuildPhase;
			buildActionMask = 2147483647;
			files = (
				400E513429ECFFF100EC7FF8 /* GroutUI in Frameworks */,
				400E512529ECFFA100EC7FF8 /* SwiftUI.framework in Frameworks */,
				400E512429ECFFA100EC7FF8 /* WidgetKit.framework in Frameworks */,
			);
			runOnlyForDeploymentPostprocessing = 0;
		};
		40CE1400293B0DBB00462D62 /* Frameworks */ = {
			isa = PBXFrameworksBuildPhase;
			buildActionMask = 2147483647;
			files = (
				40BD218F293FDD0500B17BEA /* GroutLib in Frameworks */,
				40A1A8C9294550620042966C /* GroutUI in Frameworks */,
				40CE145D293B113600462D62 /* Compactor in Frameworks */,
			);
			runOnlyForDeploymentPostprocessing = 0;
		};
/* End PBXFrameworksBuildPhase section */

/* Begin PBXGroup section */
		400E512629ECFFA100EC7FF8 /* WidgetGRT */ = {
			isa = PBXGroup;
			children = (
				400E512729ECFFA100EC7FF8 /* WidgetGRT.swift */,
				400E512929ECFFA200EC7FF8 /* Assets.xcassets */,
				400E512B29ECFFA200EC7FF8 /* Info.plist */,
			);
			path = WidgetGRT;
			sourceTree = "<group>";
		};
		40CE13F6293B0DBB00462D62 = {
			isa = PBXGroup;
			children = (
				400E513229ECFFA900EC7FF8 /* WidgetGRTExtension.entitlements */,
				40A70CA9293BA22D008688F8 /* LICENSE */,
				40A70CAA293BA22D008688F8 /* README.md */,
				40CE1407293B0DBB00462D62 /* Sources */,
				400E512629ECFFA100EC7FF8 /* WidgetGRT */,
				40CE13FE293B0DBB00462D62 /* Products */,
				40CE1456293B100800462D62 /* Frameworks */,
			);
			sourceTree = "<group>";
		};
		40CE13FE293B0DBB00462D62 /* Products */ = {
			isa = PBXGroup;
			children = (
				40CE13FD293B0DBB00462D62 /* Gym Routine Tracker Watch.app */,
				40CE1403293B0DBB00462D62 /* Gym Routine Tracker.app */,
				400E512329ECFFA100EC7FF8 /* WidgetGRTExtension.appex */,
			);
			name = Products;
			sourceTree = "<group>";
		};
		40CE1407293B0DBB00462D62 /* Sources */ = {
			isa = PBXGroup;
			children = (
				40CE1408293B0DBB00462D62 /* WatchApp.swift */,
				40CE1490293B153700462D62 /* ContentView.swift */,
				40CE140C293B0DBC00462D62 /* Assets.xcassets */,
				40CE145A293B109400462D62 /* Info.plist */,
				40CE1459293B105800462D62 /* App.entitlements */,
				40CE14AA293B153700462D62 /* Preview Content */,
			);
			path = Sources;
			sourceTree = "<group>";
		};
		40CE1456293B100800462D62 /* Frameworks */ = {
			isa = PBXGroup;
			children = (
				40E12B8729E0CDE700D49A86 /* WidgetKit.framework */,
				40E12B8929E0CDE700D49A86 /* SwiftUI.framework */,
			);
			name = Frameworks;
			sourceTree = "<group>";
		};
		40CE14AA293B153700462D62 /* Preview Content */ = {
			isa = PBXGroup;
			children = (
				40CE14AB293B153700462D62 /* Preview Assets.xcassets */,
			);
			name = "Preview Content";
			path = "Sources/Preview Content";
			sourceTree = SOURCE_ROOT;
		};
/* End PBXGroup section */

/* Begin PBXNativeTarget section */
		400E512229ECFFA100EC7FF8 /* WidgetGRTExtension */ = {
			isa = PBXNativeTarget;
			buildConfigurationList = 400E513129ECFFA200EC7FF8 /* Build configuration list for PBXNativeTarget "WidgetGRTExtension" */;
			buildPhases = (
				400E511F29ECFFA100EC7FF8 /* Sources */,
				400E512029ECFFA100EC7FF8 /* Frameworks */,
				400E512129ECFFA100EC7FF8 /* Resources */,
			);
			buildRules = (
			);
			dependencies = (
			);
			name = WidgetGRTExtension;
			packageProductDependencies = (
				400E513329ECFFF100EC7FF8 /* GroutUI */,
			);
			productName = WidgetGRTExtension;
			productReference = 400E512329ECFFA100EC7FF8 /* WidgetGRTExtension.appex */;
			productType = "com.apple.product-type.app-extension";
		};
		40CE13FC293B0DBB00462D62 /* Gym Routine Tracker Watch */ = {
			isa = PBXNativeTarget;
			buildConfigurationList = 40CE1417293B0DBC00462D62 /* Build configuration list for PBXNativeTarget "Gym Routine Tracker Watch" */;
			buildPhases = (
				40CE13FB293B0DBB00462D62 /* Resources */,
				40CE1416293B0DBC00462D62 /* Embed Watch Content */,
			);
			buildRules = (
			);
			dependencies = (
				40CE1406293B0DBB00462D62 /* PBXTargetDependency */,
			);
			name = "Gym Routine Tracker Watch";
			productName = "Gym Routine Tracker";
			productReference = 40CE13FD293B0DBB00462D62 /* Gym Routine Tracker Watch.app */;
			productType = "com.apple.product-type.application.watchapp2-container";
		};
		40CE1402293B0DBB00462D62 /* Gym Routine Tracker */ = {
			isa = PBXNativeTarget;
			buildConfigurationList = 40CE1413293B0DBC00462D62 /* Build configuration list for PBXNativeTarget "Gym Routine Tracker" */;
			buildPhases = (
				40CE13FF293B0DBB00462D62 /* Sources */,
				40CE1400293B0DBB00462D62 /* Frameworks */,
				40CE1401293B0DBB00462D62 /* Resources */,
				40E12B9729E0CDE900D49A86 /* Embed Foundation Extensions */,
			);
			buildRules = (
			);
			dependencies = (
				400E512D29ECFFA200EC7FF8 /* PBXTargetDependency */,
			);
			name = "Gym Routine Tracker";
			packageProductDependencies = (
				40CE145C293B113600462D62 /* Compactor */,
				40BD218E293FDD0500B17BEA /* GroutLib */,
				40A1A8C8294550620042966C /* GroutUI */,
			);
			productName = "Gym Routine Tracker Watch";
			productReference = 40CE1403293B0DBB00462D62 /* Gym Routine Tracker.app */;
			productType = "com.apple.product-type.application";
		};
/* End PBXNativeTarget section */

/* Begin PBXProject section */
		40CE13F7293B0DBB00462D62 /* Project object */ = {
			isa = PBXProject;
			attributes = {
				BuildIndependentTargetsInParallel = 1;
				LastSwiftUpdateCheck = 1430;
				LastUpgradeCheck = 1420;
				TargetAttributes = {
					400E512229ECFFA100EC7FF8 = {
						CreatedOnToolsVersion = 14.3;
					};
					40CE13FC293B0DBB00462D62 = {
						CreatedOnToolsVersion = 14.1;
					};
					40CE1402293B0DBB00462D62 = {
						CreatedOnToolsVersion = 14.1;
					};
				};
			};
			buildConfigurationList = 40CE13FA293B0DBB00462D62 /* Build configuration list for PBXProject "Gym Routine Tracker Watch" */;
			compatibilityVersion = "Xcode 14.0";
			developmentRegion = en;
			hasScannedForEncodings = 0;
			knownRegions = (
				en,
				Base,
			);
			mainGroup = 40CE13F6293B0DBB00462D62;
			packageReferences = (
				40CE145B293B113600462D62 /* XCRemoteSwiftPackageReference "SwiftCompactor" */,
				40BD218D293FDD0500B17BEA /* XCRemoteSwiftPackageReference "GroutLib" */,
				40EBE1C729634FEA004B9189 /* XCRemoteSwiftPackageReference "GroutUI" */,
			);
			productRefGroup = 40CE13FE293B0DBB00462D62 /* Products */;
			projectDirPath = "";
			projectRoot = "";
			targets = (
				40CE13FC293B0DBB00462D62 /* Gym Routine Tracker Watch */,
				40CE1402293B0DBB00462D62 /* Gym Routine Tracker */,
				400E512229ECFFA100EC7FF8 /* WidgetGRTExtension */,
			);
		};
/* End PBXProject section */

/* Begin PBXResourcesBuildPhase section */
		400E512129ECFFA100EC7FF8 /* Resources */ = {
			isa = PBXResourcesBuildPhase;
			buildActionMask = 2147483647;
			files = (
				400E512A29ECFFA200EC7FF8 /* Assets.xcassets in Resources */,
			);
			runOnlyForDeploymentPostprocessing = 0;
		};
		40CE13FB293B0DBB00462D62 /* Resources */ = {
			isa = PBXResourcesBuildPhase;
			buildActionMask = 2147483647;
			files = (
				40A70CAC293BA22D008688F8 /* README.md in Resources */,
				40A70CAB293BA22D008688F8 /* LICENSE in Resources */,
			);
			runOnlyForDeploymentPostprocessing = 0;
		};
		40CE1401293B0DBB00462D62 /* Resources */ = {
			isa = PBXResourcesBuildPhase;
			buildActionMask = 2147483647;
			files = (
				4092AB3129ECF873002D6C0F /* Preview Assets.xcassets in Resources */,
				40CE140D293B0DBC00462D62 /* Assets.xcassets in Resources */,
			);
			runOnlyForDeploymentPostprocessing = 0;
		};
/* End PBXResourcesBuildPhase section */

/* Begin PBXSourcesBuildPhase section */
		400E511F29ECFFA100EC7FF8 /* Sources */ = {
			isa = PBXSourcesBuildPhase;
			buildActionMask = 2147483647;
			files = (
				400E512829ECFFA100EC7FF8 /* WidgetGRT.swift in Sources */,
			);
			runOnlyForDeploymentPostprocessing = 0;
		};
		40CE13FF293B0DBB00462D62 /* Sources */ = {
			isa = PBXSourcesBuildPhase;
			buildActionMask = 2147483647;
			files = (
				40CE1409293B0DBB00462D62 /* WatchApp.swift in Sources */,
				40CE14B0293B153700462D62 /* ContentView.swift in Sources */,
			);
			runOnlyForDeploymentPostprocessing = 0;
		};
/* End PBXSourcesBuildPhase section */

/* Begin PBXTargetDependency section */
		400E512D29ECFFA200EC7FF8 /* PBXTargetDependency */ = {
			isa = PBXTargetDependency;
			target = 400E512229ECFFA100EC7FF8 /* WidgetGRTExtension */;
			targetProxy = 400E512C29ECFFA200EC7FF8 /* PBXContainerItemProxy */;
		};
		40CE1406293B0DBB00462D62 /* PBXTargetDependency */ = {
			isa = PBXTargetDependency;
			target = 40CE1402293B0DBB00462D62 /* Gym Routine Tracker */;
			targetProxy = 40CE1405293B0DBB00462D62 /* PBXContainerItemProxy */;
		};
/* End PBXTargetDependency section */

/* Begin XCBuildConfiguration section */
		400E512F29ECFFA200EC7FF8 /* Debug */ = {
			isa = XCBuildConfiguration;
			buildSettings = {
				ASSETCATALOG_COMPILER_GLOBAL_ACCENT_COLOR_NAME = AccentColor;
				ASSETCATALOG_COMPILER_WIDGET_BACKGROUND_COLOR_NAME = WidgetBackground;
				CODE_SIGN_ENTITLEMENTS = WidgetGRTExtension.entitlements;
				CODE_SIGN_STYLE = Automatic;
				CURRENT_PROJECT_VERSION = 18;
				DEVELOPMENT_TEAM = J735QC5U38;
				GENERATE_INFOPLIST_FILE = YES;
				INFOPLIST_FILE = WidgetGRT/Info.plist;
				INFOPLIST_KEY_CFBundleDisplayName = WidgetGRT;
				INFOPLIST_KEY_NSHumanReadableCopyright = "";
				LD_RUNPATH_SEARCH_PATHS = (
					"$(inherited)",
					"@executable_path/Frameworks",
					"@executable_path/../../Frameworks",
					"@executable_path/../../../../Frameworks",
				);
				MARKETING_VERSION = 1.10.1;
				PRODUCT_BUNDLE_IDENTIFIER = org.openalloc.grout.watch.WidgetGRT;
				PRODUCT_NAME = "$(TARGET_NAME)";
				SDKROOT = watchos;
				SKIP_INSTALL = YES;
				SWIFT_EMIT_LOC_STRINGS = YES;
				SWIFT_VERSION = 5.0;
				TARGETED_DEVICE_FAMILY = 4;
				WATCHOS_DEPLOYMENT_TARGET = 9.1;
			};
			name = Debug;
		};
		400E513029ECFFA200EC7FF8 /* Release */ = {
			isa = XCBuildConfiguration;
			buildSettings = {
				ASSETCATALOG_COMPILER_GLOBAL_ACCENT_COLOR_NAME = AccentColor;
				ASSETCATALOG_COMPILER_WIDGET_BACKGROUND_COLOR_NAME = WidgetBackground;
				CODE_SIGN_ENTITLEMENTS = WidgetGRTExtension.entitlements;
				CODE_SIGN_STYLE = Automatic;
				CURRENT_PROJECT_VERSION = 18;
				DEVELOPMENT_TEAM = J735QC5U38;
				GENERATE_INFOPLIST_FILE = YES;
				INFOPLIST_FILE = WidgetGRT/Info.plist;
				INFOPLIST_KEY_CFBundleDisplayName = WidgetGRT;
				INFOPLIST_KEY_NSHumanReadableCopyright = "";
				LD_RUNPATH_SEARCH_PATHS = (
					"$(inherited)",
					"@executable_path/Frameworks",
					"@executable_path/../../Frameworks",
					"@executable_path/../../../../Frameworks",
				);
				MARKETING_VERSION = 1.10.1;
				PRODUCT_BUNDLE_IDENTIFIER = org.openalloc.grout.watch.WidgetGRT;
				PRODUCT_NAME = "$(TARGET_NAME)";
				SDKROOT = watchos;
				SKIP_INSTALL = YES;
				SWIFT_EMIT_LOC_STRINGS = YES;
				SWIFT_VERSION = 5.0;
				TARGETED_DEVICE_FAMILY = 4;
				VALIDATE_PRODUCT = YES;
				WATCHOS_DEPLOYMENT_TARGET = 9.1;
			};
			name = Release;
		};
		40CE1411293B0DBC00462D62 /* Debug */ = {
			isa = XCBuildConfiguration;
			buildSettings = {
				ALWAYS_SEARCH_USER_PATHS = NO;
				CLANG_ANALYZER_NONNULL = YES;
				CLANG_ANALYZER_NUMBER_OBJECT_CONVERSION = YES_AGGRESSIVE;
				CLANG_CXX_LANGUAGE_STANDARD = "gnu++20";
				CLANG_ENABLE_MODULES = YES;
				CLANG_ENABLE_OBJC_ARC = YES;
				CLANG_ENABLE_OBJC_WEAK = YES;
				CLANG_WARN_BLOCK_CAPTURE_AUTORELEASING = YES;
				CLANG_WARN_BOOL_CONVERSION = YES;
				CLANG_WARN_COMMA = YES;
				CLANG_WARN_CONSTANT_CONVERSION = YES;
				CLANG_WARN_DEPRECATED_OBJC_IMPLEMENTATIONS = YES;
				CLANG_WARN_DIRECT_OBJC_ISA_USAGE = YES_ERROR;
				CLANG_WARN_DOCUMENTATION_COMMENTS = YES;
				CLANG_WARN_EMPTY_BODY = YES;
				CLANG_WARN_ENUM_CONVERSION = YES;
				CLANG_WARN_INFINITE_RECURSION = YES;
				CLANG_WARN_INT_CONVERSION = YES;
				CLANG_WARN_NON_LITERAL_NULL_CONVERSION = YES;
				CLANG_WARN_OBJC_IMPLICIT_RETAIN_SELF = YES;
				CLANG_WARN_OBJC_LITERAL_CONVERSION = YES;
				CLANG_WARN_OBJC_ROOT_CLASS = YES_ERROR;
				CLANG_WARN_QUOTED_INCLUDE_IN_FRAMEWORK_HEADER = YES;
				CLANG_WARN_RANGE_LOOP_ANALYSIS = YES;
				CLANG_WARN_STRICT_PROTOTYPES = YES;
				CLANG_WARN_SUSPICIOUS_MOVE = YES;
				CLANG_WARN_UNGUARDED_AVAILABILITY = YES_AGGRESSIVE;
				CLANG_WARN_UNREACHABLE_CODE = YES;
				CLANG_WARN__DUPLICATE_METHOD_MATCH = YES;
				COPY_PHASE_STRIP = NO;
				DEAD_CODE_STRIPPING = YES;
				DEBUG_INFORMATION_FORMAT = dwarf;
				ENABLE_STRICT_OBJC_MSGSEND = YES;
				ENABLE_TESTABILITY = YES;
				GCC_C_LANGUAGE_STANDARD = gnu11;
				GCC_DYNAMIC_NO_PIC = NO;
				GCC_NO_COMMON_BLOCKS = YES;
				GCC_OPTIMIZATION_LEVEL = 0;
				GCC_PREPROCESSOR_DEFINITIONS = (
					"DEBUG=1",
					"$(inherited)",
				);
				GCC_WARN_64_TO_32_BIT_CONVERSION = YES;
				GCC_WARN_ABOUT_RETURN_TYPE = YES_ERROR;
				GCC_WARN_UNDECLARED_SELECTOR = YES;
				GCC_WARN_UNINITIALIZED_AUTOS = YES_AGGRESSIVE;
				GCC_WARN_UNUSED_FUNCTION = YES;
				GCC_WARN_UNUSED_VARIABLE = YES;
				INFOPLIST_FILE = Sources/Info.plist;
				MARKETING_VERSION = 1.10.1;
				MTL_ENABLE_DEBUG_INFO = INCLUDE_SOURCE;
				MTL_FAST_MATH = YES;
				ONLY_ACTIVE_ARCH = YES;
				PRODUCT_BUNDLE_IDENTIFIER = org.openalloc.grout.watch;
				SWIFT_ACTIVE_COMPILATION_CONDITIONS = DEBUG;
				SWIFT_OPTIMIZATION_LEVEL = "-Onone";
			};
			name = Debug;
		};
		40CE1412293B0DBC00462D62 /* Release */ = {
			isa = XCBuildConfiguration;
			buildSettings = {
				ALWAYS_SEARCH_USER_PATHS = NO;
				CLANG_ANALYZER_NONNULL = YES;
				CLANG_ANALYZER_NUMBER_OBJECT_CONVERSION = YES_AGGRESSIVE;
				CLANG_CXX_LANGUAGE_STANDARD = "gnu++20";
				CLANG_ENABLE_MODULES = YES;
				CLANG_ENABLE_OBJC_ARC = YES;
				CLANG_ENABLE_OBJC_WEAK = YES;
				CLANG_WARN_BLOCK_CAPTURE_AUTORELEASING = YES;
				CLANG_WARN_BOOL_CONVERSION = YES;
				CLANG_WARN_COMMA = YES;
				CLANG_WARN_CONSTANT_CONVERSION = YES;
				CLANG_WARN_DEPRECATED_OBJC_IMPLEMENTATIONS = YES;
				CLANG_WARN_DIRECT_OBJC_ISA_USAGE = YES_ERROR;
				CLANG_WARN_DOCUMENTATION_COMMENTS = YES;
				CLANG_WARN_EMPTY_BODY = YES;
				CLANG_WARN_ENUM_CONVERSION = YES;
				CLANG_WARN_INFINITE_RECURSION = YES;
				CLANG_WARN_INT_CONVERSION = YES;
				CLANG_WARN_NON_LITERAL_NULL_CONVERSION = YES;
				CLANG_WARN_OBJC_IMPLICIT_RETAIN_SELF = YES;
				CLANG_WARN_OBJC_LITERAL_CONVERSION = YES;
				CLANG_WARN_OBJC_ROOT_CLASS = YES_ERROR;
				CLANG_WARN_QUOTED_INCLUDE_IN_FRAMEWORK_HEADER = YES;
				CLANG_WARN_RANGE_LOOP_ANALYSIS = YES;
				CLANG_WARN_STRICT_PROTOTYPES = YES;
				CLANG_WARN_SUSPICIOUS_MOVE = YES;
				CLANG_WARN_UNGUARDED_AVAILABILITY = YES_AGGRESSIVE;
				CLANG_WARN_UNREACHABLE_CODE = YES;
				CLANG_WARN__DUPLICATE_METHOD_MATCH = YES;
				COPY_PHASE_STRIP = NO;
				DEAD_CODE_STRIPPING = YES;
				DEBUG_INFORMATION_FORMAT = "dwarf-with-dsym";
				ENABLE_NS_ASSERTIONS = NO;
				ENABLE_STRICT_OBJC_MSGSEND = YES;
				GCC_C_LANGUAGE_STANDARD = gnu11;
				GCC_NO_COMMON_BLOCKS = YES;
				GCC_WARN_64_TO_32_BIT_CONVERSION = YES;
				GCC_WARN_ABOUT_RETURN_TYPE = YES_ERROR;
				GCC_WARN_UNDECLARED_SELECTOR = YES;
				GCC_WARN_UNINITIALIZED_AUTOS = YES_AGGRESSIVE;
				GCC_WARN_UNUSED_FUNCTION = YES;
				GCC_WARN_UNUSED_VARIABLE = YES;
				INFOPLIST_FILE = Sources/Info.plist;
				MARKETING_VERSION = 1.10.1;
				MTL_ENABLE_DEBUG_INFO = NO;
				MTL_FAST_MATH = YES;
				PRODUCT_BUNDLE_IDENTIFIER = org.openalloc.grout.watch;
				SWIFT_COMPILATION_MODE = wholemodule;
				SWIFT_OPTIMIZATION_LEVEL = "-O";
			};
			name = Release;
		};
		40CE1414293B0DBC00462D62 /* Debug */ = {
			isa = XCBuildConfiguration;
			buildSettings = {
				ALWAYS_EMBED_SWIFT_STANDARD_LIBRARIES = YES;
				ASSETCATALOG_COMPILER_APPICON_NAME = AppIcon;
				ASSETCATALOG_COMPILER_GLOBAL_ACCENT_COLOR_NAME = AccentColor;
				ASSETCATALOG_COMPILER_INCLUDE_ALL_APPICON_ASSETS = NO;
				CODE_SIGN_ENTITLEMENTS = Sources/App.entitlements;
				CODE_SIGN_STYLE = Automatic;
				CURRENT_PROJECT_VERSION = 18;
				DEVELOPMENT_ASSET_PATHS = "\"Sources/Preview Content\"";
				DEVELOPMENT_TEAM = J735QC5U38;
				ENABLE_PREVIEWS = YES;
				GENERATE_INFOPLIST_FILE = YES;
				INFOPLIST_FILE = Sources/Info.plist;
				INFOPLIST_KEY_CFBundleDisplayName = "Gym Routines";
				INFOPLIST_KEY_UISupportedInterfaceOrientations = "UIInterfaceOrientationPortrait UIInterfaceOrientationPortraitUpsideDown";
				INFOPLIST_KEY_WKWatchOnly = YES;
				LD_RUNPATH_SEARCH_PATHS = (
					"$(inherited)",
					"@executable_path/Frameworks",
				);
				MARKETING_VERSION = 1.10.1;
				PRODUCT_BUNDLE_IDENTIFIER = org.openalloc.grout.watch;
				PRODUCT_NAME = "$(TARGET_NAME)";
				SDKROOT = watchos;
				SKIP_INSTALL = YES;
				SWIFT_EMIT_LOC_STRINGS = YES;
				SWIFT_VERSION = 5.0;
				TARGETED_DEVICE_FAMILY = 4;
				WATCHOS_DEPLOYMENT_TARGET = 9.1;
			};
			name = Debug;
		};
		40CE1415293B0DBC00462D62 /* Release */ = {
			isa = XCBuildConfiguration;
			buildSettings = {
				ALWAYS_EMBED_SWIFT_STANDARD_LIBRARIES = YES;
				ASSETCATALOG_COMPILER_APPICON_NAME = AppIcon;
				ASSETCATALOG_COMPILER_GLOBAL_ACCENT_COLOR_NAME = AccentColor;
				ASSETCATALOG_COMPILER_INCLUDE_ALL_APPICON_ASSETS = NO;
				CODE_SIGN_ENTITLEMENTS = Sources/App.entitlements;
				CODE_SIGN_STYLE = Automatic;
				CURRENT_PROJECT_VERSION = 18;
				DEVELOPMENT_ASSET_PATHS = "\"Sources/Preview Content\"";
				DEVELOPMENT_TEAM = J735QC5U38;
				ENABLE_PREVIEWS = YES;
				GENERATE_INFOPLIST_FILE = YES;
				INFOPLIST_FILE = Sources/Info.plist;
				INFOPLIST_KEY_CFBundleDisplayName = "Gym Routines";
				INFOPLIST_KEY_UISupportedInterfaceOrientations = "UIInterfaceOrientationPortrait UIInterfaceOrientationPortraitUpsideDown";
				INFOPLIST_KEY_WKWatchOnly = YES;
				LD_RUNPATH_SEARCH_PATHS = (
					"$(inherited)",
					"@executable_path/Frameworks",
				);
				MARKETING_VERSION = 1.10.1;
				PRODUCT_BUNDLE_IDENTIFIER = org.openalloc.grout.watch;
				PRODUCT_NAME = "$(TARGET_NAME)";
				SDKROOT = watchos;
				SKIP_INSTALL = YES;
				SWIFT_EMIT_LOC_STRINGS = YES;
				SWIFT_VERSION = 5.0;
				TARGETED_DEVICE_FAMILY = 4;
				VALIDATE_PRODUCT = YES;
				WATCHOS_DEPLOYMENT_TARGET = 9.1;
			};
			name = Release;
		};
		40CE1418293B0DBC00462D62 /* Debug */ = {
			isa = XCBuildConfiguration;
			buildSettings = {
				ALWAYS_EMBED_SWIFT_STANDARD_LIBRARIES = YES;
				CODE_SIGN_STYLE = Automatic;
				CURRENT_PROJECT_VERSION = 1;
				DEVELOPMENT_TEAM = J735QC5U38;
				INFOPLIST_FILE = Sources/Info.plist;
				INFOPLIST_KEY_CFBundleDisplayName = "Gym Routine Tracker";
				MARKETING_VERSION = 1.10.1;
				PRODUCT_BUNDLE_IDENTIFIER = org.openalloc.grout;
				PRODUCT_NAME = "$(TARGET_NAME)";
				SDKROOT = iphoneos;
				SWIFT_VERSION = 5.0;
			};
			name = Debug;
		};
		40CE1419293B0DBC00462D62 /* Release */ = {
			isa = XCBuildConfiguration;
			buildSettings = {
				ALWAYS_EMBED_SWIFT_STANDARD_LIBRARIES = YES;
				CODE_SIGN_STYLE = Automatic;
				CURRENT_PROJECT_VERSION = 1;
				DEVELOPMENT_TEAM = J735QC5U38;
				INFOPLIST_FILE = Sources/Info.plist;
				INFOPLIST_KEY_CFBundleDisplayName = "Gym Routine Tracker";
				MARKETING_VERSION = 1.10.1;
				PRODUCT_BUNDLE_IDENTIFIER = org.openalloc.grout;
				PRODUCT_NAME = "$(TARGET_NAME)";
				SDKROOT = iphoneos;
				SWIFT_VERSION = 5.0;
				VALIDATE_PRODUCT = YES;
			};
			name = Release;
		};
/* End XCBuildConfiguration section */

/* Begin XCConfigurationList section */
		400E513129ECFFA200EC7FF8 /* Build configuration list for PBXNativeTarget "WidgetGRTExtension" */ = {
			isa = XCConfigurationList;
			buildConfigurations = (
				400E512F29ECFFA200EC7FF8 /* Debug */,
				400E513029ECFFA200EC7FF8 /* Release */,
			);
			defaultConfigurationIsVisible = 0;
			defaultConfigurationName = Release;
		};
		40CE13FA293B0DBB00462D62 /* Build configuration list for PBXProject "Gym Routine Tracker Watch" */ = {
			isa = XCConfigurationList;
			buildConfigurations = (
				40CE1411293B0DBC00462D62 /* Debug */,
				40CE1412293B0DBC00462D62 /* Release */,
			);
			defaultConfigurationIsVisible = 0;
			defaultConfigurationName = Release;
		};
		40CE1413293B0DBC00462D62 /* Build configuration list for PBXNativeTarget "Gym Routine Tracker" */ = {
			isa = XCConfigurationList;
			buildConfigurations = (
				40CE1414293B0DBC00462D62 /* Debug */,
				40CE1415293B0DBC00462D62 /* Release */,
			);
			defaultConfigurationIsVisible = 0;
			defaultConfigurationName = Release;
		};
		40CE1417293B0DBC00462D62 /* Build configuration list for PBXNativeTarget "Gym Routine Tracker Watch" */ = {
			isa = XCConfigurationList;
			buildConfigurations = (
				40CE1418293B0DBC00462D62 /* Debug */,
				40CE1419293B0DBC00462D62 /* Release */,
			);
			defaultConfigurationIsVisible = 0;
			defaultConfigurationName = Release;
		};
/* End XCConfigurationList section */

/* Begin XCRemoteSwiftPackageReference section */
		40BD218D293FDD0500B17BEA /* XCRemoteSwiftPackageReference "GroutLib" */ = {
			isa = XCRemoteSwiftPackageReference;
			repositoryURL = "https://github.com/gym-routine-tracker/GroutLib.git";
			requirement = {
				kind = upToNextMajorVersion;
				minimumVersion = 1.1.0;
			};
		};
		40CE145B293B113600462D62 /* XCRemoteSwiftPackageReference "SwiftCompactor" */ = {
			isa = XCRemoteSwiftPackageReference;
			repositoryURL = "https://github.com/openalloc/SwiftCompactor.git";
			requirement = {
				kind = upToNextMajorVersion;
				minimumVersion = 1.0.0;
			};
		};
		40EBE1C729634FEA004B9189 /* XCRemoteSwiftPackageReference "GroutUI" */ = {
			isa = XCRemoteSwiftPackageReference;
			repositoryURL = "https://github.com/gym-routine-tracker/GroutUI.git";
			requirement = {
				kind = upToNextMajorVersion;
				minimumVersion = 1.1.0;
			};
		};
/* End XCRemoteSwiftPackageReference section */

/* Begin XCSwiftPackageProductDependency section */
		400E513329ECFFF100EC7FF8 /* GroutUI */ = {
			isa = XCSwiftPackageProductDependency;
			productName = GroutUI;
		};
		40A1A8C8294550620042966C /* GroutUI */ = {
			isa = XCSwiftPackageProductDependency;
			productName = GroutUI;
		};
		40BD218E293FDD0500B17BEA /* GroutLib */ = {
			isa = XCSwiftPackageProductDependency;
			package = 40BD218D293FDD0500B17BEA /* XCRemoteSwiftPackageReference "GroutLib" */;
			productName = GroutLib;
		};
		40CE145C293B113600462D62 /* Compactor */ = {
			isa = XCSwiftPackageProductDependency;
			package = 40CE145B293B113600462D62 /* XCRemoteSwiftPackageReference "SwiftCompactor" */;
			productName = Compactor;
		};
/* End XCSwiftPackageProductDependency section */
	};
	rootObject = 40CE13F7293B0DBB00462D62 /* Project object */;
}
